
Microsoft Visual Studio Solution File, Format Version 12.00
# Visual Studio Version 16
VisualStudioVersion = 16.0.30804.86
MinimumVisualStudioVersion = 10.0.40219.1
Project("{FAE04EC0-301F-11D3-BF4B-00C04F79EFBC}") = "Arrays-DS", "Arrays-DS\Arrays-DS.csproj", "{54672A6E-4426-488A-A6E8-09A7E29D86C2}"
EndProject
Project("{FAE04EC0-301F-11D3-BF4B-00C04F79EFBC}") = "DynamicArray", "DynamicArray\DynamicArray.csproj", "{9D7A372D-B473-4E42-AFF5-B95E79F51DBA}"
EndProject
Project("{FAE04EC0-301F-11D3-BF4B-00C04F79EFBC}") = "LeftRotation", "LeftRotation\LeftRotation.csproj", "{BAFCA6E9-9461-4CC5-9083-CDD67EF3DCF1}"
EndProject
Project("{FAE04EC0-301F-11D3-BF4B-00C04F79EFBC}") = "SparseArrays", "SparseArrays\SparseArrays.csproj", "{186B10F7-48F6-48C4-9C32-0D649EB8380E}"
EndProject
Global
	GlobalSection(SolutionConfigurationPlatforms) = preSolution
		Debug|Any CPU = Debug|Any CPU
		Release|Any CPU = Release|Any CPU
	EndGlobalSection
	GlobalSection(ProjectConfigurationPlatforms) = postSolution
		{54672A6E-4426-488A-A6E8-09A7E29D86C2}.Debug|Any CPU.ActiveCfg = Debug|Any CPU
		{54672A6E-4426-488A-A6E8-09A7E29D86C2}.Debug|Any CPU.Build.0 = Debug|Any CPU
		{54672A6E-4426-488A-A6E8-09A7E29D86C2}.Release|Any CPU.ActiveCfg = Release|Any CPU
		{54672A6E-4426-488A-A6E8-09A7E29D86C2}.Release|Any CPU.Build.0 = Release|Any CPU
		{9D7A372D-B473-4E42-AFF5-B95E79F51DBA}.Debug|Any CPU.ActiveCfg = Debug|Any CPU
		{9D7A372D-B473-4E42-AFF5-B95E79F51DBA}.Debug|Any CPU.Build.0 = Debug|Any CPU
		{9D7A372D-B473-4E42-AFF5-B95E79F51DBA}.Release|Any CPU.ActiveCfg = Release|Any CPU
		{9D7A372D-B473-4E42-AFF5-B95E79F51DBA}.Release|Any CPU.Build.0 = Release|Any CPU
		{BAFCA6E9-9461-4CC5-9083-CDD67EF3DCF1}.Debug|Any CPU.ActiveCfg = Debug|Any CPU
		{BAFCA6E9-9461-4CC5-9083-CDD67EF3DCF1}.Debug|Any CPU.Build.0 = Debug|Any CPU
		{BAFCA6E9-9461-4CC5-9083-CDD67EF3DCF1}.Release|Any CPU.ActiveCfg = Release|Any CPU
		{BAFCA6E9-9461-4CC5-9083-CDD67EF3DCF1}.Release|Any CPU.Build.0 = Release|Any CPU
		{186B10F7-48F6-48C4-9C32-0D649EB8380E}.Debug|Any CPU.ActiveCfg = Debug|Any CPU
		{186B10F7-48F6-48C4-9C32-0D649EB8380E}.Debug|Any CPU.Build.0 = Debug|Any CPU
		{186B10F7-48F6-48C4-9C32-0D649EB8380E}.Release|Any CPU.ActiveCfg = Release|Any CPU
		{186B10F7-48F6-48C4-9C32-0D649EB8380E}.Release|Any CPU.Build.0 = Release|Any CPU
	EndGlobalSection
	GlobalSection(SolutionProperties) = preSolution
		HideSolutionNode = FALSE
	EndGlobalSection
	GlobalSection(ExtensibilityGlobals) = postSolution
		SolutionGuid = {68887427-29FC-411F-A117-790E5E9FF09F}
	EndGlobalSection
EndGlobal
