
Microsoft Visual Studio Solution File, Format Version 12.00
# Visual Studio Version 16
VisualStudioVersion = 16.0.30804.86
MinimumVisualStudioVersion = 10.0.40219.1
Project("{9A19103F-16F7-4668-BE54-9A1E7A4F7556}") = "MaximumElement", "MaximumElement\MaximumElement.csproj", "{47C14037-B9E4-45E9-8EB8-AA6DA7061CD0}"
EndProject
Project("{9A19103F-16F7-4668-BE54-9A1E7A4F7556}") = "EqualStacks", "EqualStacks\EqualStacks.csproj", "{4ED9884B-A591-402E-ACF0-A58279B5477F}"
EndProject
Project("{FAE04EC0-301F-11D3-BF4B-00C04F79EFBC}") = "BalancedBrackets", "BalancedBrackets\BalancedBrackets.csproj", "{31233566-E29A-4016-9E38-5D88A7F05735}"
EndProject
Project("{FAE04EC0-301F-11D3-BF4B-00C04F79EFBC}") = "SimpleTextEditor", "SimpleTextEditor\SimpleTextEditor.csproj", "{D30C4D96-4E37-4C70-95B7-559327B40C61}"
EndProject
Global
	GlobalSection(SolutionConfigurationPlatforms) = preSolution
		Debug|Any CPU = Debug|Any CPU
		Release|Any CPU = Release|Any CPU
	EndGlobalSection
	GlobalSection(ProjectConfigurationPlatforms) = postSolution
		{47C14037-B9E4-45E9-8EB8-AA6DA7061CD0}.Debug|Any CPU.ActiveCfg = Debug|Any CPU
		{47C14037-B9E4-45E9-8EB8-AA6DA7061CD0}.Debug|Any CPU.Build.0 = Debug|Any CPU
		{47C14037-B9E4-45E9-8EB8-AA6DA7061CD0}.Release|Any CPU.ActiveCfg = Release|Any CPU
		{47C14037-B9E4-45E9-8EB8-AA6DA7061CD0}.Release|Any CPU.Build.0 = Release|Any CPU
		{4ED9884B-A591-402E-ACF0-A58279B5477F}.Debug|Any CPU.ActiveCfg = Debug|Any CPU
		{4ED9884B-A591-402E-ACF0-A58279B5477F}.Debug|Any CPU.Build.0 = Debug|Any CPU
		{4ED9884B-A591-402E-ACF0-A58279B5477F}.Release|Any CPU.ActiveCfg = Release|Any CPU
		{4ED9884B-A591-402E-ACF0-A58279B5477F}.Release|Any CPU.Build.0 = Release|Any CPU
		{31233566-E29A-4016-9E38-5D88A7F05735}.Debug|Any CPU.ActiveCfg = Debug|Any CPU
		{31233566-E29A-4016-9E38-5D88A7F05735}.Debug|Any CPU.Build.0 = Debug|Any CPU
		{31233566-E29A-4016-9E38-5D88A7F05735}.Release|Any CPU.ActiveCfg = Release|Any CPU
		{31233566-E29A-4016-9E38-5D88A7F05735}.Release|Any CPU.Build.0 = Release|Any CPU
		{D30C4D96-4E37-4C70-95B7-559327B40C61}.Debug|Any CPU.ActiveCfg = Debug|Any CPU
		{D30C4D96-4E37-4C70-95B7-559327B40C61}.Debug|Any CPU.Build.0 = Debug|Any CPU
		{D30C4D96-4E37-4C70-95B7-559327B40C61}.Release|Any CPU.ActiveCfg = Release|Any CPU
		{D30C4D96-4E37-4C70-95B7-559327B40C61}.Release|Any CPU.Build.0 = Release|Any CPU
	EndGlobalSection
	GlobalSection(SolutionProperties) = preSolution
		HideSolutionNode = FALSE
	EndGlobalSection
	GlobalSection(ExtensibilityGlobals) = postSolution
		SolutionGuid = {3A0EDF56-5493-47FB-A004-23591B6DCB11}
	EndGlobalSection
EndGlobal
